// !$*UTF8*$!
{
	archiveVersion = 1;
	classes = {
	};
	objectVersion = 46;
	objects = {

/* Begin PBXBuildFile section */
		E41DEF791A9CDB7900B26364 /* main.m in Sources */ = {isa = PBXBuildFile; fileRef = E41DEF781A9CDB7900B26364 /* main.m */; };
		E41DEF7C1A9CDB7900B26364 /* AppDelegate.m in Sources */ = {isa = PBXBuildFile; fileRef = E41DEF7B1A9CDB7900B26364 /* AppDelegate.m */; };
		E41DEF7F1A9CDB7900B26364 /* CoreDataDemo.xcdatamodeld in Sources */ = {isa = PBXBuildFile; fileRef = E41DEF7D1A9CDB7900B26364 /* CoreDataDemo.xcdatamodeld */; };
		E41DEF821A9CDB7900B26364 /* ViewController.m in Sources */ = {isa = PBXBuildFile; fileRef = E41DEF811A9CDB7900B26364 /* ViewController.m */; };
		E41DEF851A9CDB7900B26364 /* Main.storyboard in Resources */ = {isa = PBXBuildFile; fileRef = E41DEF831A9CDB7900B26364 /* Main.storyboard */; };
		E41DEF871A9CDB7900B26364 /* Images.xcassets in Resources */ = {isa = PBXBuildFile; fileRef = E41DEF861A9CDB7900B26364 /* Images.xcassets */; };
		E41DEF8A1A9CDB7900B26364 /* LaunchScreen.xib in Resources */ = {isa = PBXBuildFile; fileRef = E41DEF881A9CDB7900B26364 /* LaunchScreen.xib */; };
		E41DEF961A9CDB7900B26364 /* CoreDataDemoTests.m in Sources */ = {isa = PBXBuildFile; fileRef = E41DEF951A9CDB7900B26364 /* CoreDataDemoTests.m */; };
		E41DEFA41A9CDCE300B26364 /* Person.m in Sources */ = {isa = PBXBuildFile; fileRef = E41DEFA31A9CDCE300B26364 /* Person.m */; };
		E41DEFA61A9CE27C00B26364 /* PersonData in Resources */ = {isa = PBXBuildFile; fileRef = E41DEFA51A9CE27C00B26364 /* PersonData */; };
		E41DEFA81A9CEAB000B26364 /* libsqlite3.0.dylib in Frameworks */ = {isa = PBXBuildFile; fileRef = E41DEFA71A9CEAB000B26364 /* libsqlite3.0.dylib */; };
		E41DEFAB1A9CF89E00B26364 /* ShowTableViewController.m in Sources */ = {isa = PBXBuildFile; fileRef = E41DEFAA1A9CF89E00B26364 /* ShowTableViewController.m */; };
/* End PBXBuildFile section */

/* Begin PBXContainerItemProxy section */
		E41DEF901A9CDB7900B26364 /* PBXContainerItemProxy */ = {
			isa = PBXContainerItemProxy;
			containerPortal = E41DEF6B1A9CDB7800B26364 /* Project object */;
			proxyType = 1;
			remoteGlobalIDString = E41DEF721A9CDB7800B26364;
			remoteInfo = CoreDataDemo;
		};
/* End PBXContainerItemProxy section */

/* Begin PBXFileReference section */
		E41DEF731A9CDB7800B26364 /* CoreDataDemo.app */ = {isa = PBXFileReference; explicitFileType = wrapper.application; includeInIndex = 0; path = CoreDataDemo.app; sourceTree = BUILT_PRODUCTS_DIR; };
		E41DEF771A9CDB7900B26364 /* Info.plist */ = {isa = PBXFileReference; lastKnownFileType = text.plist.xml; path = Info.plist; sourceTree = "<group>"; };
		E41DEF781A9CDB7900B26364 /* main.m */ = {isa = PBXFileReference; lastKnownFileType = sourcecode.c.objc; path = main.m; sourceTree = "<group>"; };
		E41DEF7A1A9CDB7900B26364 /* AppDelegate.h */ = {isa = PBXFileReference; lastKnownFileType = sourcecode.c.h; path = AppDelegate.h; sourceTree = "<group>"; };
		E41DEF7B1A9CDB7900B26364 /* AppDelegate.m */ = {isa = PBXFileReference; lastKnownFileType = sourcecode.c.objc; path = AppDelegate.m; sourceTree = "<group>"; };
		E41DEF7E1A9CDB7900B26364 /* CoreDataDemo.xcdatamodel */ = {isa = PBXFileReference; lastKnownFileType = wrapper.xcdatamodel; path = CoreDataDemo.xcdatamodel; sourceTree = "<group>"; };
		E41DEF801A9CDB7900B26364 /* ViewController.h */ = {isa = PBXFileReference; lastKnownFileType = sourcecode.c.h; path = ViewController.h; sourceTree = "<group>"; };
		E41DEF811A9CDB7900B26364 /* ViewController.m */ = {isa = PBXFileReference; lastKnownFileType = sourcecode.c.objc; path = ViewController.m; sourceTree = "<group>"; };
		E41DEF841A9CDB7900B26364 /* Base */ = {isa = PBXFileReference; lastKnownFileType = file.storyboard; name = Base; path = Base.lproj/Main.storyboard; sourceTree = "<group>"; };
		E41DEF861A9CDB7900B26364 /* Images.xcassets */ = {isa = PBXFileReference; lastKnownFileType = folder.assetcatalog; path = Images.xcassets; sourceTree = "<group>"; };
		E41DEF891A9CDB7900B26364 /* Base */ = {isa = PBXFileReference; lastKnownFileType = file.xib; name = Base; path = Base.lproj/LaunchScreen.xib; sourceTree = "<group>"; };
		E41DEF8F1A9CDB7900B26364 /* CoreDataDemoTests.xctest */ = {isa = PBXFileReference; explicitFileType = wrapper.cfbundle; includeInIndex = 0; path = CoreDataDemoTests.xctest; sourceTree = BUILT_PRODUCTS_DIR; };
		E41DEF941A9CDB7900B26364 /* Info.plist */ = {isa = PBXFileReference; lastKnownFileType = text.plist.xml; path = Info.plist; sourceTree = "<group>"; };
		E41DEF951A9CDB7900B26364 /* CoreDataDemoTests.m */ = {isa = PBXFileReference; lastKnownFileType = sourcecode.c.objc; path = CoreDataDemoTests.m; sourceTree = "<group>"; };
		E41DEFA21A9CDCE300B26364 /* Person.h */ = {isa = PBXFileReference; fileEncoding = 4; lastKnownFileType = sourcecode.c.h; path = Person.h; sourceTree = "<group>"; };
		E41DEFA31A9CDCE300B26364 /* Person.m */ = {isa = PBXFileReference; fileEncoding = 4; lastKnownFileType = sourcecode.c.objc; path = Person.m; sourceTree = "<group>"; };
		E41DEFA51A9CE27C00B26364 /* PersonData */ = {isa = PBXFileReference; lastKnownFileType = file; path = PersonData; sourceTree = "<group>"; };
		E41DEFA71A9CEAB000B26364 /* libsqlite3.0.dylib */ = {isa = PBXFileReference; lastKnownFileType = "compiled.mach-o.dylib"; name = libsqlite3.0.dylib; path = usr/lib/libsqlite3.0.dylib; sourceTree = SDKROOT; };
		E41DEFA91A9CF89E00B26364 /* ShowTableViewController.h */ = {isa = PBXFileReference; fileEncoding = 4; lastKnownFileType = sourcecode.c.h; path = ShowTableViewController.h; sourceTree = "<group>"; };
		E41DEFAA1A9CF89E00B26364 /* ShowTableViewController.m */ = {isa = PBXFileReference; fileEncoding = 4; lastKnownFileType = sourcecode.c.objc; path = ShowTableViewController.m; sourceTree = "<group>"; };
/* End PBXFileReference section */

/* Begin PBXFrameworksBuildPhase section */
		E41DEF701A9CDB7800B26364 /* Frameworks */ = {
			isa = PBXFrameworksBuildPhase;
			buildActionMask = 2147483647;
			files = (
				E41DEFA81A9CEAB000B26364 /* libsqlite3.0.dylib in Frameworks */,
			);
			runOnlyForDeploymentPostprocessing = 0;
		};
		E41DEF8C1A9CDB7900B26364 /* Frameworks */ = {
			isa = PBXFrameworksBuildPhase;
			buildActionMask = 2147483647;
			files = (
			);
			runOnlyForDeploymentPostprocessing = 0;
		};
/* End PBXFrameworksBuildPhase section */

/* Begin PBXGroup section */
		E41DEF6A1A9CDB7800B26364 = {
			isa = PBXGroup;
			children = (
				E41DEFA71A9CEAB000B26364 /* libsqlite3.0.dylib */,
				E41DEFA51A9CE27C00B26364 /* PersonData */,
				E41DEF751A9CDB7800B26364 /* CoreDataDemo */,
				E41DEF921A9CDB7900B26364 /* CoreDataDemoTests */,
				E41DEF741A9CDB7800B26364 /* Products */,
			);
			sourceTree = "<group>";
		};
		E41DEF741A9CDB7800B26364 /* Products */ = {
			isa = PBXGroup;
			children = (
				E41DEF731A9CDB7800B26364 /* CoreDataDemo.app */,
				E41DEF8F1A9CDB7900B26364 /* CoreDataDemoTests.xctest */,
			);
			name = Products;
			sourceTree = "<group>";
		};
		E41DEF751A9CDB7800B26364 /* CoreDataDemo */ = {
			isa = PBXGroup;
			children = (
				E41DEF7A1A9CDB7900B26364 /* AppDelegate.h */,
				E41DEF7B1A9CDB7900B26364 /* AppDelegate.m */,
				E41DEF801A9CDB7900B26364 /* ViewController.h */,
				E41DEF811A9CDB7900B26364 /* ViewController.m */,
				E41DEF831A9CDB7900B26364 /* Main.storyboard */,
				E41DEF861A9CDB7900B26364 /* Images.xcassets */,
				E41DEF881A9CDB7900B26364 /* LaunchScreen.xib */,
				E41DEF7D1A9CDB7900B26364 /* CoreDataDemo.xcdatamodeld */,
				E41DEF761A9CDB7800B26364 /* Supporting Files */,
				E41DEFA21A9CDCE300B26364 /* Person.h */,
				E41DEFA31A9CDCE300B26364 /* Person.m */,
				E41DEFA91A9CF89E00B26364 /* ShowTableViewController.h */,
				E41DEFAA1A9CF89E00B26364 /* ShowTableViewController.m */,
			);
			path = CoreDataDemo;
			sourceTree = "<group>";
		};
		E41DEF761A9CDB7800B26364 /* Supporting Files */ = {
			isa = PBXGroup;
			children = (
				E41DEF771A9CDB7900B26364 /* Info.plist */,
				E41DEF781A9CDB7900B26364 /* main.m */,
			);
			name = "Supporting Files";
			sourceTree = "<group>";
		};
		E41DEF921A9CDB7900B26364 /* CoreDataDemoTests */ = {
			isa = PBXGroup;
			children = (
				E41DEF951A9CDB7900B26364 /* CoreDataDemoTests.m */,
				E41DEF931A9CDB7900B26364 /* Supporting Files */,
			);
			path = CoreDataDemoTests;
			sourceTree = "<group>";
		};
		E41DEF931A9CDB7900B26364 /* Supporting Files */ = {
			isa = PBXGroup;
			children = (
				E41DEF941A9CDB7900B26364 /* Info.plist */,
			);
			name = "Supporting Files";
			sourceTree = "<group>";
		};
/* End PBXGroup section */

/* Begin PBXNativeTarget section */
		E41DEF721A9CDB7800B26364 /* CoreDataDemo */ = {
			isa = PBXNativeTarget;
			buildConfigurationList = E41DEF991A9CDB7900B26364 /* Build configuration list for PBXNativeTarget "CoreDataDemo" */;
			buildPhases = (
				E41DEF6F1A9CDB7800B26364 /* Sources */,
				E41DEF701A9CDB7800B26364 /* Frameworks */,
				E41DEF711A9CDB7800B26364 /* Resources */,
			);
			buildRules = (
			);
			dependencies = (
			);
			name = CoreDataDemo;
			productName = CoreDataDemo;
			productReference = E41DEF731A9CDB7800B26364 /* CoreDataDemo.app */;
			productType = "com.apple.product-type.application";
		};
		E41DEF8E1A9CDB7900B26364 /* CoreDataDemoTests */ = {
			isa = PBXNativeTarget;
			buildConfigurationList = E41DEF9C1A9CDB7900B26364 /* Build configuration list for PBXNativeTarget "CoreDataDemoTests" */;
			buildPhases = (
				E41DEF8B1A9CDB7900B26364 /* Sources */,
				E41DEF8C1A9CDB7900B26364 /* Frameworks */,
				E41DEF8D1A9CDB7900B26364 /* Resources */,
			);
			buildRules = (
			);
			dependencies = (
				E41DEF911A9CDB7900B26364 /* PBXTargetDependency */,
			);
			name = CoreDataDemoTests;
			productName = CoreDataDemoTests;
			productReference = E41DEF8F1A9CDB7900B26364 /* CoreDataDemoTests.xctest */;
			productType = "com.apple.product-type.bundle.unit-test";
		};
/* End PBXNativeTarget section */

/* Begin PBXProject section */
		E41DEF6B1A9CDB7800B26364 /* Project object */ = {
			isa = PBXProject;
			attributes = {
				LastUpgradeCheck = 0600;
				ORGANIZATIONNAME = "Abhay Jadhav";
				TargetAttributes = {
					E41DEF721A9CDB7800B26364 = {
						CreatedOnToolsVersion = 6.0.1;
					};
					E41DEF8E1A9CDB7900B26364 = {
						CreatedOnToolsVersion = 6.0.1;
						TestTargetID = E41DEF721A9CDB7800B26364;
					};
				};
			};
			buildConfigurationList = E41DEF6E1A9CDB7800B26364 /* Build configuration list for PBXProject "CoreDataDemo" */;
			compatibilityVersion = "Xcode 3.2";
			developmentRegion = English;
			hasScannedForEncodings = 0;
			knownRegions = (
				en,
				Base,
			);
			mainGroup = E41DEF6A1A9CDB7800B26364;
			productRefGroup = E41DEF741A9CDB7800B26364 /* Products */;
			projectDirPath = "";
			projectRoot = "";
			targets = (
				E41DEF721A9CDB7800B26364 /* CoreDataDemo */,
				E41DEF8E1A9CDB7900B26364 /* CoreDataDemoTests */,
			);
		};
/* End PBXProject section */

/* Begin PBXResourcesBuildPhase section */
		E41DEF711A9CDB7800B26364 /* Resources */ = {
			isa = PBXResourcesBuildPhase;
			buildActionMask = 2147483647;
			files = (
				E41DEF851A9CDB7900B26364 /* Main.storyboard in Resources */,
				E41DEF8A1A9CDB7900B26364 /* LaunchScreen.xib in Resources */,
				E41DEF871A9CDB7900B26364 /* Images.xcassets in Resources */,
				E41DEFA61A9CE27C00B26364 /* PersonData in Resources */,
			);
			runOnlyForDeploymentPostprocessing = 0;
		};
		E41DEF8D1A9CDB7900B26364 /* Resources */ = {
			isa = PBXResourcesBuildPhase;
			buildActionMask = 2147483647;
			files = (
			);
			runOnlyForDeploymentPostprocessing = 0;
		};
/* End PBXResourcesBuildPhase section */

/* Begin PBXSourcesBuildPhase section */
		E41DEF6F1A9CDB7800B26364 /* Sources */ = {
			isa = PBXSourcesBuildPhase;
			buildActionMask = 2147483647;
			files = (
				E41DEFA41A9CDCE300B26364 /* Person.m in Sources */,
				E41DEF7C1A9CDB7900B26364 /* AppDelegate.m in Sources */,
				E41DEF7F1A9CDB7900B26364 /* CoreDataDemo.xcdatamodeld in Sources */,
				E41DEF821A9CDB7900B26364 /* ViewController.m in Sources */,
				E41DEF791A9CDB7900B26364 /* main.m in Sources */,
				E41DEFAB1A9CF89E00B26364 /* ShowTableViewController.m in Sources */,
			);
			runOnlyForDeploymentPostprocessing = 0;
		};
		E41DEF8B1A9CDB7900B26364 /* Sources */ = {
			isa = PBXSourcesBuildPhase;
			buildActionMask = 2147483647;
			files = (
				E41DEF961A9CDB7900B26364 /* CoreDataDemoTests.m in Sources */,
			);
			runOnlyForDeploymentPostprocessing = 0;
		};
/* End PBXSourcesBuildPhase section */

/* Begin PBXTargetDependency section */
		E41DEF911A9CDB7900B26364 /* PBXTargetDependency */ = {
			isa = PBXTargetDependency;
			target = E41DEF721A9CDB7800B26364 /* CoreDataDemo */;
			targetProxy = E41DEF901A9CDB7900B26364 /* PBXContainerItemProxy */;
		};
/* End PBXTargetDependency section */

/* Begin PBXVariantGroup section */
		E41DEF831A9CDB7900B26364 /* Main.storyboard */ = {
			isa = PBXVariantGroup;
			children = (
				E41DEF841A9CDB7900B26364 /* Base */,
			);
			name = Main.storyboard;
			sourceTree = "<group>";
		};
		E41DEF881A9CDB7900B26364 /* LaunchScreen.xib */ = {
			isa = PBXVariantGroup;
			children = (
				E41DEF891A9CDB7900B26364 /* Base */,
			);
			name = LaunchScreen.xib;
			sourceTree = "<group>";
		};
/* End PBXVariantGroup section */

/* Begin XCBuildConfiguration section */
		E41DEF971A9CDB7900B26364 /* Debug */ = {
			isa = XCBuildConfiguration;
			buildSettings = {
				ALWAYS_SEARCH_USER_PATHS = NO;
				CLANG_CXX_LANGUAGE_STANDARD = "gnu++0x";
				CLANG_CXX_LIBRARY = "libc++";
				CLANG_ENABLE_MODULES = YES;
				CLANG_ENABLE_OBJC_ARC = YES;
				CLANG_WARN_BOOL_CONVERSION = YES;
				CLANG_WARN_CONSTANT_CONVERSION = YES;
				CLANG_WARN_DIRECT_OBJC_ISA_USAGE = YES_ERROR;
				CLANG_WARN_EMPTY_BODY = YES;
				CLANG_WARN_ENUM_CONVERSION = YES;
				CLANG_WARN_INT_CONVERSION = YES;
				CLANG_WARN_OBJC_ROOT_CLASS = YES_ERROR;
				CLANG_WARN_UNREACHABLE_CODE = YES;
				CLANG_WARN__DUPLICATE_METHOD_MATCH = YES;
				"CODE_SIGN_IDENTITY[sdk=iphoneos*]" = "iPhone Developer";
				COPY_PHASE_STRIP = NO;
				ENABLE_STRICT_OBJC_MSGSEND = YES;
				GCC_C_LANGUAGE_STANDARD = gnu99;
				GCC_DYNAMIC_NO_PIC = NO;
				GCC_OPTIMIZATION_LEVEL = 0;
				GCC_PREPROCESSOR_DEFINITIONS = (
					"DEBUG=1",
					"$(inherited)",
				);
				GCC_SYMBOLS_PRIVATE_EXTERN = NO;
				GCC_WARN_64_TO_32_BIT_CONVERSION = YES;
				GCC_WARN_ABOUT_RETURN_TYPE = YES_ERROR;
				GCC_WARN_UNDECLARED_SELECTOR = YES;
				GCC_WARN_UNINITIALIZED_AUTOS = YES_AGGRESSIVE;
				GCC_WARN_UNUSED_FUNCTION = YES;
				GCC_WARN_UNUSED_VARIABLE = YES;
				IPHONEOS_DEPLOYMENT_TARGET = 8.0;
				MTL_ENABLE_DEBUG_INFO = YES;
				ONLY_ACTIVE_ARCH = YES;
				SDKROOT = iphoneos;
			};
			name = Debug;
		};
		E41DEF981A9CDB7900B26364 /* Release */ = {
			isa = XCBuildConfiguration;
			buildSettings = {
				ALWAYS_SEARCH_USER_PATHS = NO;
				CLANG_CXX_LANGUAGE_STANDARD = "gnu++0x";
				CLANG_CXX_LIBRARY = "libc++";
				CLANG_ENABLE_MODULES = YES;
				CLANG_ENABLE_OBJC_ARC = YES;
				CLANG_WARN_BOOL_CONVERSION = YES;
				CLANG_WARN_CONSTANT_CONVERSION = YES;
				CLANG_WARN_DIRECT_OBJC_ISA_USAGE = YES_ERROR;
				CLANG_WARN_EMPTY_BODY = YES;
				CLANG_WARN_ENUM_CONVERSION = YES;
				CLANG_WARN_INT_CONVERSION = YES;
				CLANG_WARN_OBJC_ROOT_CLASS = YES_ERROR;
				CLANG_WARN_UNREACHABLE_CODE = YES;
				CLANG_WARN__DUPLICATE_METHOD_MATCH = YES;
				"CODE_SIGN_IDENTITY[sdk=iphoneos*]" = "iPhone Developer";
				COPY_PHASE_STRIP = YES;
				ENABLE_NS_ASSERTIONS = NO;
				ENABLE_STRICT_OBJC_MSGSEND = YES;
				GCC_C_LANGUAGE_STANDARD = gnu99;
				GCC_WARN_64_TO_32_BIT_CONVERSION = YES;
				GCC_WARN_ABOUT_RETURN_TYPE = YES_ERROR;
				GCC_WARN_UNDECLARED_SELECTOR = YES;
				GCC_WARN_UNINITIALIZED_AUTOS = YES_AGGRESSIVE;
				GCC_WARN_UNUSED_FUNCTION = YES;
				GCC_WARN_UNUSED_VARIABLE = YES;
				IPHONEOS_DEPLOYMENT_TARGET = 8.0;
				MTL_ENABLE_DEBUG_INFO = NO;
				SDKROOT = iphoneos;
				VALIDATE_PRODUCT = YES;
			};
			name = Release;
		};
		E41DEF9A1A9CDB7900B26364 /* Debug */ = {
			isa = XCBuildConfiguration;
			buildSettings = {
				ASSETCATALOG_COMPILER_APPICON_NAME = AppIcon;
				INFOPLIST_FILE = CoreDataDemo/Info.plist;
				LD_RUNPATH_SEARCH_PATHS = "$(inherited) @executable_path/Frameworks";
				PRODUCT_NAME = "$(TARGET_NAME)";
			};
			name = Debug;
		};
		E41DEF9B1A9CDB7900B26364 /* Release */ = {
			isa = XCBuildConfiguration;
			buildSettings = {
				ASSETCATALOG_COMPILER_APPICON_NAME = AppIcon;
				INFOPLIST_FILE = CoreDataDemo/Info.plist;
				LD_RUNPATH_SEARCH_PATHS = "$(inherited) @executable_path/Frameworks";
				PRODUCT_NAME = "$(TARGET_NAME)";
			};
			name = Release;
		};
		E41DEF9D1A9CDB7900B26364 /* Debug */ = {
			isa = XCBuildConfiguration;
			buildSettings = {
				BUNDLE_LOADER = "$(TEST_HOST)";
				FRAMEWORK_SEARCH_PATHS = (
					"$(SDKROOT)/Developer/Library/Frameworks",
					"$(inherited)",
				);
				GCC_PREPROCESSOR_DEFINITIONS = (
					"DEBUG=1",
					"$(inherited)",
				);
				INFOPLIST_FILE = CoreDataDemoTests/Info.plist;
				LD_RUNPATH_SEARCH_PATHS = "$(inherited) @executable_path/Frameworks @loader_path/Frameworks";
				PRODUCT_NAME = "$(TARGET_NAME)";
				TEST_HOST = "$(BUILT_PRODUCTS_DIR)/CoreDataDemo.app/CoreDataDemo";
			};
			name = Debug;
		};
		E41DEF9E1A9CDB7900B26364 /* Release */ = {
			isa = XCBuildConfiguration;
			buildSettings = {
				BUNDLE_LOADER = "$(TEST_HOST)";
				FRAMEWORK_SEARCH_PATHS = (
					"$(SDKROOT)/Developer/Library/Frameworks",
					"$(inherited)",
				);
				INFOPLIST_FILE = CoreDataDemoTests/Info.plist;
				LD_RUNPATH_SEARCH_PATHS = "$(inherited) @executable_path/Frameworks @loader_path/Frameworks";
				PRODUCT_NAME = "$(TARGET_NAME)";
				TEST_HOST = "$(BUILT_PRODUCTS_DIR)/CoreDataDemo.app/CoreDataDemo";
			};
			name = Release;
		};
/* End XCBuildConfiguration section */

/* Begin XCConfigurationList section */
		E41DEF6E1A9CDB7800B26364 /* Build configuration list for PBXProject "CoreDataDemo" */ = {
			isa = XCConfigurationList;
			buildConfigurations = (
				E41DEF971A9CDB7900B26364 /* Debug */,
				E41DEF981A9CDB7900B26364 /* Release */,
			);
			defaultConfigurationIsVisible = 0;
			defaultConfigurationName = Release;
		};
		E41DEF991A9CDB7900B26364 /* Build configuration list for PBXNativeTarget "CoreDataDemo" */ = {
			isa = XCConfigurationList;
			buildConfigurations = (
				E41DEF9A1A9CDB7900B26364 /* Debug */,
				E41DEF9B1A9CDB7900B26364 /* Release */,
			);
			defaultConfigurationIsVisible = 0;
		};
		E41DEF9C1A9CDB7900B26364 /* Build configuration list for PBXNativeTarget "CoreDataDemoTests" */ = {
			isa = XCConfigurationList;
			buildConfigurations = (
				E41DEF9D1A9CDB7900B26364 /* Debug */,
				E41DEF9E1A9CDB7900B26364 /* Release */,
			);
			defaultConfigurationIsVisible = 0;
		};
/* End XCConfigurationList section */

/* Begin XCVersionGroup section */
		E41DEF7D1A9CDB7900B26364 /* CoreDataDemo.xcdatamodeld */ = {
			isa = XCVersionGroup;
			children = (
				E41DEF7E1A9CDB7900B26364 /* CoreDataDemo.xcdatamodel */,
			);
			currentVersion = E41DEF7E1A9CDB7900B26364 /* CoreDataDemo.xcdatamodel */;
			path = CoreDataDemo.xcdatamodeld;
			sourceTree = "<group>";
			versionGroupType = wrapper.xcdatamodel;
		};
/* End XCVersionGroup section */
	};
	rootObject = E41DEF6B1A9CDB7800B26364 /* Project object */;
}
